
Microsoft Visual Studio Solution File, Format Version 12.00
# Visual Studio Version 16
VisualStudioVersion = 16.0.31624.102
MinimumVisualStudioVersion = 10.0.40219.1
Project("{FAE04EC0-301F-11D3-BF4B-00C04F79EFBC}") = "Matuppgift1", "Matuppgift1\Matuppgift1.csproj", "{20B81F92-20AC-4E12-AF1A-7B5ECA30D6D9}"
EndProject
Global
	GlobalSection(SolutionConfigurationPlatforms) = preSolution
		Debug|Any CPU = Debug|Any CPU
		Release|Any CPU = Release|Any CPU
	EndGlobalSection
	GlobalSection(ProjectConfigurationPlatforms) = postSolution
		{20B81F92-20AC-4E12-AF1A-7B5ECA30D6D9}.Debug|Any CPU.ActiveCfg = Debug|Any CPU
		{20B81F92-20AC-4E12-AF1A-7B5ECA30D6D9}.Debug|Any CPU.Build.0 = Debug|Any CPU
		{20B81F92-20AC-4E12-AF1A-7B5ECA30D6D9}.Release|Any CPU.ActiveCfg = Release|Any CPU
		{20B81F92-20AC-4E12-AF1A-7B5ECA30D6D9}.Release|Any CPU.Build.0 = Release|Any CPU
	EndGlobalSection
	GlobalSection(SolutionProperties) = preSolution
		HideSolutionNode = FALSE
	EndGlobalSection
	GlobalSection(ExtensibilityGlobals) = postSolution
		SolutionGuid = {F92F384A-636C-4F94-ADD6-F837F2A5C361}
	EndGlobalSection
EndGlobal
